
Microsoft Visual Studio Solution File, Format Version 12.00
# Visual Studio 15
VisualStudioVersion = 15.0.27130.2036
MinimumVisualStudioVersion = 10.0.40219.1
Project("{9A19103F-16F7-4668-BE54-9A1E7A4F7556}") = "AspNet_Core_Authorization", "AspNet_Core_Authorization\AspNet_Core_Authorization.csproj", "{31779936-9C84-4469-BB56-DF5076630159}"
EndProject
Project("{9A19103F-16F7-4668-BE54-9A1E7A4F7556}") = "AspNet_Core_Api", "AspNet_Core_Api\AspNet_Core_Api.csproj", "{E71A7F74-5A09-4907-9D0C-96907099DB16}"
EndProject
Project("{9A19103F-16F7-4668-BE54-9A1E7A4F7556}") = "Asp_Net_Core_Framwork", "Asp_Net_Core_Framwork\Asp_Net_Core_Framwork.csproj", "{9B27CC2D-5E00-4034-A02C-3D267FE06DF6}"
EndProject
Project("{9A19103F-16F7-4668-BE54-9A1E7A4F7556}") = "Console_Core_Test", "Console_Core_Test\Console_Core_Test.csproj", "{7CECC02C-4B62-4A4A-8FC5-9D67372047FE}"
EndProject
Project("{FAE04EC0-301F-11D3-BF4B-00C04F79EFBC}") = "Asp_Net_Core_Core", "Asp_Net_Core_Core\Asp_Net_Core_Core.csproj", "{0D5A53EE-6120-4C06-87CD-C069BF65089C}"
EndProject
Project("{FAE04EC0-301F-11D3-BF4B-00C04F79EFBC}") = "Asp_Net_Core_Service", "Asp_Net_Core_Service\Asp_Net_Core_Service.csproj", "{FF6501FA-B0E0-4A6B-A7A5-A9FD98D8E28E}"
EndProject
Global
	GlobalSection(SolutionConfigurationPlatforms) = preSolution
		Debug|Any CPU = Debug|Any CPU
		Release|Any CPU = Release|Any CPU
	EndGlobalSection
	GlobalSection(ProjectConfigurationPlatforms) = postSolution
		{31779936-9C84-4469-BB56-DF5076630159}.Debug|Any CPU.ActiveCfg = Debug|Any CPU
		{31779936-9C84-4469-BB56-DF5076630159}.Debug|Any CPU.Build.0 = Debug|Any CPU
		{31779936-9C84-4469-BB56-DF5076630159}.Release|Any CPU.ActiveCfg = Release|Any CPU
		{31779936-9C84-4469-BB56-DF5076630159}.Release|Any CPU.Build.0 = Release|Any CPU
		{E71A7F74-5A09-4907-9D0C-96907099DB16}.Debug|Any CPU.ActiveCfg = Debug|Any CPU
		{E71A7F74-5A09-4907-9D0C-96907099DB16}.Debug|Any CPU.Build.0 = Debug|Any CPU
		{E71A7F74-5A09-4907-9D0C-96907099DB16}.Release|Any CPU.ActiveCfg = Release|Any CPU
		{E71A7F74-5A09-4907-9D0C-96907099DB16}.Release|Any CPU.Build.0 = Release|Any CPU
		{9B27CC2D-5E00-4034-A02C-3D267FE06DF6}.Debug|Any CPU.ActiveCfg = Debug|Any CPU
		{9B27CC2D-5E00-4034-A02C-3D267FE06DF6}.Debug|Any CPU.Build.0 = Debug|Any CPU
		{9B27CC2D-5E00-4034-A02C-3D267FE06DF6}.Release|Any CPU.ActiveCfg = Release|Any CPU
		{9B27CC2D-5E00-4034-A02C-3D267FE06DF6}.Release|Any CPU.Build.0 = Release|Any CPU
		{7CECC02C-4B62-4A4A-8FC5-9D67372047FE}.Debug|Any CPU.ActiveCfg = Debug|Any CPU
		{7CECC02C-4B62-4A4A-8FC5-9D67372047FE}.Debug|Any CPU.Build.0 = Debug|Any CPU
		{7CECC02C-4B62-4A4A-8FC5-9D67372047FE}.Release|Any CPU.ActiveCfg = Release|Any CPU
		{7CECC02C-4B62-4A4A-8FC5-9D67372047FE}.Release|Any CPU.Build.0 = Release|Any CPU
		{0D5A53EE-6120-4C06-87CD-C069BF65089C}.Debug|Any CPU.ActiveCfg = Debug|Any CPU
		{0D5A53EE-6120-4C06-87CD-C069BF65089C}.Debug|Any CPU.Build.0 = Debug|Any CPU
		{0D5A53EE-6120-4C06-87CD-C069BF65089C}.Release|Any CPU.ActiveCfg = Release|Any CPU
		{0D5A53EE-6120-4C06-87CD-C069BF65089C}.Release|Any CPU.Build.0 = Release|Any CPU
		{FF6501FA-B0E0-4A6B-A7A5-A9FD98D8E28E}.Debug|Any CPU.ActiveCfg = Debug|Any CPU
		{FF6501FA-B0E0-4A6B-A7A5-A9FD98D8E28E}.Debug|Any CPU.Build.0 = Debug|Any CPU
		{FF6501FA-B0E0-4A6B-A7A5-A9FD98D8E28E}.Release|Any CPU.ActiveCfg = Release|Any CPU
		{FF6501FA-B0E0-4A6B-A7A5-A9FD98D8E28E}.Release|Any CPU.Build.0 = Release|Any CPU
	EndGlobalSection
	GlobalSection(SolutionProperties) = preSolution
		HideSolutionNode = FALSE
	EndGlobalSection
	GlobalSection(ExtensibilityGlobals) = postSolution
		SolutionGuid = {EAD5127A-E442-4CC8-87CC-CAD7DCA2506E}
	EndGlobalSection
EndGlobal
